[[package]]
name = "appnope"
version = "0.1.0"
description = "Disable App Nap on OS X 10.9"
category = "main"
optional = false
python-versions = "*"

[[package]]
name = "atomicwrites"
version = "1.4.0"
description = "Atomic file writes."
category = "dev"
optional = false
python-versions = ">=2.7, !=3.0.*, !=3.1.*, !=3.2.*, !=3.3.*"

[[package]]
name = "attrs"
version = "21.2.0"
description = "Classes Without Boilerplate"
category = "dev"
optional = false
python-versions = ">=2.7, !=3.0.*, !=3.1.*, !=3.2.*, !=3.3.*, !=3.4.*"

[package.extras]
dev = ["coverage[toml] (>=5.0.2)", "hypothesis", "pympler", "pytest (>=4.3.0)", "six", "mypy", "pytest-mypy-plugins", "zope.interface", "furo", "sphinx", "sphinx-notfound-page", "pre-commit"]
docs = ["furo", "sphinx", "zope.interface", "sphinx-notfound-page"]
tests = ["coverage[toml] (>=5.0.2)", "hypothesis", "pympler", "pytest (>=4.3.0)", "six", "mypy", "pytest-mypy-plugins", "zope.interface"]
tests_no_zope = ["coverage[toml] (>=5.0.2)", "hypothesis", "pympler", "pytest (>=4.3.0)", "six", "mypy", "pytest-mypy-plugins"]

[[package]]
name = "backcall"
version = "0.1.0"
description = "Specifications for callback functions passed in to an API"
category = "main"
optional = false
python-versions = "*"

[[package]]
name = "certifi"
version = "2018.4.16"
description = "Python package for providing Mozilla's CA Bundle."
category = "main"
optional = false
python-versions = "*"

[[package]]
name = "chardet"
version = "3.0.4"
description = "Universal encoding detector for Python 2 and 3"
category = "main"
optional = false
python-versions = "*"

[[package]]
name = "charset-normalizer"
version = "2.0.6"
description = "The Real First Universal Charset Detector. Open, modern and actively maintained alternative to Chardet."
category = "main"
optional = false
python-versions = ">=3.5.0"

[package.extras]
unicode_backport = ["unicodedata2"]

[[package]]
name = "colorama"
version = "0.4.4"
description = "Cross-platform colored terminal text."
category = "main"
optional = false
python-versions = ">=2.7, !=3.0.*, !=3.1.*, !=3.2.*, !=3.3.*, !=3.4.*"

[[package]]
name = "cycler"
version = "0.10.0"
description = "Composable style cycles"
category = "main"
optional = false
python-versions = "*"

[package.dependencies]
six = "*"

[[package]]
name = "dataclasses"
version = "0.8"
description = "A backport of the dataclasses module for Python 3.6"
category = "main"
optional = false
python-versions = ">=3.6, <3.7"

[[package]]
name = "decorator"
version = "4.3.0"
description = "Better living through Python with decorators"
category = "main"
optional = false
python-versions = "*"

[[package]]
name = "future"
version = "0.16.0"
description = "Clean single-source support for Python 3 and 2"
category = "main"
optional = false
python-versions = "*"

[[package]]
name = "gym"
version = "0.10.5"
description = "The OpenAI Gym: A toolkit for developing and comparing your reinforcement learning agents."
category = "main"
optional = false
python-versions = "*"

[package.dependencies]
numpy = ">=1.10.4"
pyglet = ">=1.2.0"
requests = ">=2.0"
six = "*"

[package.extras]
all = ["atari_py (>=0.1.1)", "pillow", "pyopengl", "box2d-kengz", "pyopengl", "mujoco_py (>=1.50)", "imageio", "mujoco_py (>=1.50)", "imageio"]
atari = ["atari_py (>=0.1.1)", "pillow", "pyopengl"]
box2d = ["box2d-kengz"]
classic_control = ["pyopengl"]
mujoco = ["mujoco_py (>=1.50)", "imageio"]
robotics = ["mujoco_py (>=1.50)", "imageio"]

[[package]]
name = "idna"
version = "2.7"
description = "Internationalized Domain Names in Applications (IDNA)"
category = "main"
optional = false
python-versions = "*"

[[package]]
name = "importlib-metadata"
version = "4.8.1"
description = "Read metadata from Python packages"
category = "dev"
optional = false
python-versions = ">=3.6"

[package.dependencies]
typing-extensions = {version = ">=3.6.4", markers = "python_version < \"3.8\""}
zipp = ">=0.5"

[package.extras]
docs = ["sphinx", "jaraco.packaging (>=8.2)", "rst.linker (>=1.9)"]
perf = ["ipython"]
testing = ["pytest (>=4.6)", "pytest-checkdocs (>=2.4)", "pytest-flake8", "pytest-cov", "pytest-enabler (>=1.0.1)", "packaging", "pep517", "pyfakefs", "flufl.flake8", "pytest-perf (>=0.9.2)", "pytest-black (>=0.3.7)", "pytest-mypy", "importlib-resources (>=1.3)"]

[[package]]
name = "ipython"
version = "6.4.0"
description = "IPython: Productive Interactive Computing"
category = "main"
optional = false
python-versions = ">=3.3"

[package.dependencies]
appnope = {version = "*", markers = "sys_platform == \"darwin\""}
backcall = "*"
colorama = {version = "*", markers = "sys_platform == \"win32\""}
decorator = "*"
jedi = ">=0.10"
pexpect = {version = "*", markers = "sys_platform != \"win32\""}
pickleshare = "*"
prompt-toolkit = ">=1.0.15,<2.0.0"
pygments = "*"
simplegeneric = ">0.8"
traitlets = ">=4.2"

[package.extras]
all = ["nbformat", "ipykernel", "notebook", "nose (>=0.10.1)", "ipyparallel", "requests", "Sphinx (>=1.3)", "testpath", "qtconsole", "ipywidgets", "nbconvert", "pygments"]
doc = ["Sphinx (>=1.3)"]
kernel = ["ipykernel"]
nbconvert = ["nbconvert"]
nbformat = ["nbformat"]
notebook = ["notebook", "ipywidgets"]
parallel = ["ipyparallel"]
qtconsole = ["qtconsole"]
test = ["nose (>=0.10.1)", "requests", "testpath", "pygments", "nbformat", "ipykernel", "numpy"]

[[package]]
name = "ipython-genutils"
version = "0.2.0"
description = "Vestigial utilities from IPython"
category = "main"
optional = false
python-versions = "*"

[[package]]
name = "jedi"
version = "0.12.1"
description = "An autocompletion tool for Python that can be used for text editors."
category = "main"
optional = false
python-versions = ">=2.7, !=3.0.*, !=3.1.*, !=3.2.*"

[package.dependencies]
parso = ">=0.3.0"

[package.extras]
dev = ["docopt"]

[[package]]
name = "kiwisolver"
version = "1.0.1"
description = "A fast implementation of the Cassowary constraint solver"
category = "main"
optional = false
python-versions = "*"

[[package]]
name = "matplotlib"
version = "2.2.2"
description = "Python plotting package"
category = "main"
optional = false
python-versions = "*"

[package.dependencies]
cycler = ">=0.10"
kiwisolver = ">=1.0.1"
numpy = ">=1.7.1"
pyparsing = ">=2.0.1,<2.0.4 || >2.0.4,<2.1.2 || >2.1.2,<2.1.6 || >2.1.6"
python-dateutil = ">=2.1"
pytz = "*"
six = ">=1.10"

[[package]]
name = "more-itertools"
version = "8.10.0"
description = "More routines for operating on iterables, beyond itertools"
category = "dev"
optional = false
python-versions = ">=3.5"

[[package]]
name = "numpy"
version = "1.14.5"
description = "NumPy: array processing for numbers, strings, records, and objects."
category = "main"
optional = false
python-versions = ">=2.7,!=3.0.*,!=3.1.*,!=3.2.*,!=3.3.*"

[[package]]
name = "parso"
version = "0.3.1"
description = "A Python Parser"
category = "main"
optional = false
python-versions = "*"

[[package]]
name = "pexpect"
version = "4.6.0"
description = "Pexpect allows easy control of interactive console applications."
category = "main"
optional = false
python-versions = "*"

[package.dependencies]
ptyprocess = ">=0.5"

[[package]]
name = "pickleshare"
version = "0.7.4"
description = "Tiny 'shelve'-like database with concurrency support"
category = "main"
optional = false
python-versions = "*"

[[package]]
name = "pluggy"
version = "1.0.0"
description = "plugin and hook calling mechanisms for python"
category = "dev"
optional = false
python-versions = ">=3.6"

[package.dependencies]
importlib-metadata = {version = ">=0.12", markers = "python_version < \"3.8\""}

[package.extras]
dev = ["pre-commit", "tox"]
testing = ["pytest", "pytest-benchmark"]

[[package]]
name = "prompt-toolkit"
version = "1.0.15"
description = "Library for building powerful interactive command lines in Python"
category = "main"
optional = false
python-versions = "*"

[package.dependencies]
six = ">=1.9.0"
wcwidth = "*"

[[package]]
name = "ptyprocess"
version = "0.6.0"
description = "Run a subprocess in a pseudo terminal"
category = "main"
optional = false
python-versions = "*"

[[package]]
name = "py"
version = "1.10.0"
description = "library with cross-python path, ini-parsing, io, code, log facilities"
category = "dev"
optional = false
python-versions = ">=2.7, !=3.0.*, !=3.1.*, !=3.2.*, !=3.3.*"

[[package]]
name = "pyglet"
version = "1.2.4"
description = "Cross-platform windowing and multimedia library"
category = "main"
optional = false
python-versions = "*"

[[package]]
name = "pygments"
version = "2.10.0"
description = "Pygments is a syntax highlighting package written in Python."
category = "main"
optional = false
python-versions = ">=3.5"

[[package]]
name = "pyparsing"
version = "2.2.0"
description = "Python parsing module"
category = "main"
optional = false
python-versions = "*"

[[package]]
name = "pytest"
version = "3.10.1"
description = "pytest: simple powerful testing with Python"
category = "dev"
optional = false
python-versions = ">=2.7, !=3.0.*, !=3.1.*, !=3.2.*, !=3.3.*"

[package.dependencies]
atomicwrites = ">=1.0"
attrs = ">=17.4.0"
colorama = {version = "*", markers = "sys_platform == \"win32\""}
more-itertools = ">=4.0.0"
pluggy = ">=0.7"
py = ">=1.5.0"
six = ">=1.10.0"

[[package]]
name = "python-dateutil"
version = "2.7.3"
description = "Extensions to the standard Python datetime module"
category = "main"
optional = false
python-versions = ">=2.7, !=3.0.*, !=3.1.*, !=3.2.*"

[package.dependencies]
six = ">=1.5"

[[package]]
name = "pytz"
version = "2018.5"
description = "World timezone definitions, modern and historical"
category = "main"
optional = false
python-versions = "*"

[[package]]
name = "requests"
version = "2.26.0"
description = "Python HTTP for Humans."
category = "main"
optional = false
python-versions = ">=2.7, !=3.0.*, !=3.1.*, !=3.2.*, !=3.3.*, !=3.4.*, !=3.5.*"

[package.dependencies]
certifi = ">=2017.4.17"
charset-normalizer = {version = ">=2.0.0,<2.1.0", markers = "python_version >= \"3\""}
idna = {version = ">=2.5,<4", markers = "python_version >= \"3\""}
urllib3 = ">=1.21.1,<1.27"

[package.extras]
socks = ["PySocks (>=1.5.6,!=1.5.7)", "win-inet-pton"]
use_chardet_on_py3 = ["chardet (>=3.0.2,<5)"]

[[package]]
name = "simplegeneric"
version = "0.8.1"
description = "Simple generic functions (similar to Python's own len(), pickle.dump(), etc.)"
category = "main"
optional = false
python-versions = "*"

[[package]]
name = "six"
version = "1.11.0"
description = "Python 2 and 3 compatibility utilities"
category = "main"
optional = false
python-versions = "*"

[[package]]
name = "torch"
version = "1.9.1"
description = "Tensors and Dynamic neural networks in Python with strong GPU acceleration"
category = "main"
optional = false
python-versions = ">=3.6.2"

[package.dependencies]
dataclasses = {version = "*", markers = "python_version < \"3.7\""}
typing-extensions = "*"

[[package]]
name = "traitlets"
version = "4.3.2"
description = "Traitlets Python config system"
category = "main"
optional = false
python-versions = "*"

[package.dependencies]
decorator = "*"
ipython-genutils = "*"
six = "*"

[package.extras]
test = ["pytest", "mock"]

[[package]]
name = "typing-extensions"
version = "3.10.0.2"
description = "Backported and Experimental Type Hints for Python 3.5+"
category = "main"
optional = false
python-versions = "*"

[[package]]
name = "urllib3"
version = "1.26.7"
description = "HTTP library with thread-safe connection pooling, file post, and more."
category = "main"
optional = false
python-versions = ">=2.7, !=3.0.*, !=3.1.*, !=3.2.*, !=3.3.*, !=3.4.*, <4"

[package.extras]
brotli = ["brotlipy (>=0.6.0)"]
secure = ["pyOpenSSL (>=0.14)", "cryptography (>=1.3.4)", "idna (>=2.0.0)", "certifi", "ipaddress"]
socks = ["PySocks (>=1.5.6,!=1.5.7,<2.0)"]

[[package]]
name = "wcwidth"
version = "0.1.7"
description = "Measures number of Terminal column cells of wide-character codes"
category = "main"
optional = false
python-versions = "*"

[[package]]
name = "zipp"
version = "3.5.0"
description = "Backport of pathlib-compatible object wrapper for zip files"
category = "dev"
optional = false
python-versions = ">=3.6"

[package.extras]
docs = ["sphinx", "jaraco.packaging (>=8.2)", "rst.linker (>=1.9)"]
testing = ["pytest (>=4.6)", "pytest-checkdocs (>=2.4)", "pytest-flake8", "pytest-cov", "pytest-enabler (>=1.0.1)", "jaraco.itertools", "func-timeout", "pytest-black (>=0.3.7)", "pytest-mypy"]

[metadata]
lock-version = "1.1"
python-versions = ">=3.6.0,<4"
content-hash = "af89b6dae6f700ed58d643751ffd26e4872a190405594247319d9c1e48297601"

[metadata.files]
appnope = [
    {file = "appnope-0.1.0-py2.py3-none-any.whl", hash = "sha256:5b26757dc6f79a3b7dc9fab95359328d5747fcb2409d331ea66d0272b90ab2a0"},
    {file = "appnope-0.1.0.tar.gz", hash = "sha256:8b995ffe925347a2138d7ac0fe77155e4311a0ea6d6da4f5128fe4b3cbe5ed71"},
]
atomicwrites = [
    {file = "atomicwrites-1.4.0-py2.py3-none-any.whl", hash = "sha256:6d1784dea7c0c8d4a5172b6c620f40b6e4cbfdf96d783691f2e1302a7b88e197"},
    {file = "atomicwrites-1.4.0.tar.gz", hash = "sha256:ae70396ad1a434f9c7046fd2dd196fc04b12f9e91ffb859164193be8b6168a7a"},
]
attrs = [
    {file = "attrs-21.2.0-py2.py3-none-any.whl", hash = "sha256:149e90d6d8ac20db7a955ad60cf0e6881a3f20d37096140088356da6c716b0b1"},
    {file = "attrs-21.2.0.tar.gz", hash = "sha256:ef6aaac3ca6cd92904cdd0d83f629a15f18053ec84e6432106f7a4d04ae4f5fb"},
]
backcall = [
    {file = "backcall-0.1.0.tar.gz", hash = "sha256:38ecd85be2c1e78f77fd91700c76e14667dc21e2713b63876c0eb901196e01e4"},
    {file = "backcall-0.1.0.zip", hash = "sha256:bbbf4b1e5cd2bdb08f915895b51081c041bac22394fdfcfdfbe9f14b77c08bf2"},
]
certifi = [
    {file = "certifi-2018.4.16-py2.py3-none-any.whl", hash = "sha256:9fa520c1bacfb634fa7af20a76bcbd3d5fb390481724c597da32c719a7dca4b0"},
    {file = "certifi-2018.4.16.tar.gz", hash = "sha256:13e698f54293db9f89122b0581843a782ad0934a4fe0172d2a980ba77fc61bb7"},
]
chardet = [
    {file = "chardet-3.0.4-py2.py3-none-any.whl", hash = "sha256:fc323ffcaeaed0e0a02bf4d117757b98aed530d9ed4531e3e15460124c106691"},
    {file = "chardet-3.0.4.tar.gz", hash = "sha256:84ab92ed1c4d4f16916e05906b6b75a6c0fb5db821cc65e70cbd64a3e2a5eaae"},
]
charset-normalizer = [
    {file = "charset-normalizer-2.0.6.tar.gz", hash = "sha256:5ec46d183433dcbd0ab716f2d7f29d8dee50505b3fdb40c6b985c7c4f5a3591f"},
    {file = "charset_normalizer-2.0.6-py3-none-any.whl", hash = "sha256:5d209c0a931f215cee683b6445e2d77677e7e75e159f78def0db09d68fafcaa6"},
]
colorama = [
    {file = "colorama-0.4.4-py2.py3-none-any.whl", hash = "sha256:9f47eda37229f68eee03b24b9748937c7dc3868f906e8ba69fbcbdd3bc5dc3e2"},
    {file = "colorama-0.4.4.tar.gz", hash = "sha256:5941b2b48a20143d2267e95b1c2a7603ce057ee39fd88e7329b0c292aa16869b"},
]
cycler = [
    {file = "cycler-0.10.0-py2.py3-none-any.whl", hash = "sha256:1d8a5ae1ff6c5cf9b93e8811e581232ad8920aeec647c37316ceac982b08cb2d"},
    {file = "cycler-0.10.0.tar.gz", hash = "sha256:cd7b2d1018258d7247a71425e9f26463dfb444d411c39569972f4ce586b0c9d8"},
]
dataclasses = [
    {file = "dataclasses-0.8-py3-none-any.whl", hash = "sha256:0201d89fa866f68c8ebd9d08ee6ff50c0b255f8ec63a71c16fda7af82bb887bf"},
    {file = "dataclasses-0.8.tar.gz", hash = "sha256:8479067f342acf957dc82ec415d355ab5edb7e7646b90dc6e2fd1d96ad084c97"},
]
decorator = [
    {file = "decorator-4.3.0-py2.py3-none-any.whl", hash = "sha256:2c51dff8ef3c447388fe5e4453d24a2bf128d3a4c32af3fabef1f01c6851ab82"},
    {file = "decorator-4.3.0.tar.gz", hash = "sha256:c39efa13fbdeb4506c476c9b3babf6a718da943dab7811c206005a4a956c080c"},
]
future = [
    {file = "future-0.16.0.tar.gz", hash = "sha256:e39ced1ab767b5936646cedba8bcce582398233d6a627067d4c6a454c90cfedb"},
]
gym = [
    {file = "gym-0.10.5.tar.gz", hash = "sha256:6baf3f3b163e237869d92a64daeaa88f14f62bb1105863e45312505a19dbd652"},
]
idna = [
    {file = "idna-2.7-py2.py3-none-any.whl", hash = "sha256:156a6814fb5ac1fc6850fb002e0852d56c0c8d2531923a51032d1b70760e186e"},
    {file = "idna-2.7.tar.gz", hash = "sha256:684a38a6f903c1d71d6d5fac066b58d7768af4de2b832e426ec79c30daa94a16"},
]
importlib-metadata = [
    {file = "importlib_metadata-4.8.1-py3-none-any.whl", hash = "sha256:b618b6d2d5ffa2f16add5697cf57a46c76a56229b0ed1c438322e4e95645bd15"},
    {file = "importlib_metadata-4.8.1.tar.gz", hash = "sha256:f284b3e11256ad1e5d03ab86bb2ccd6f5339688ff17a4d797a0fe7df326f23b1"},
]
ipython = [
    {file = "ipython-6.4.0-py3-none-any.whl", hash = "sha256:a0c96853549b246991046f32d19db7140f5b1a644cc31f0dc1edc86713b7676f"},
    {file = "ipython-6.4.0.tar.gz", hash = "sha256:eca537aa61592aca2fef4adea12af8e42f5c335004dfa80c78caf80e8b525e5c"},
]
ipython-genutils = [
    {file = "ipython_genutils-0.2.0-py2.py3-none-any.whl", hash = "sha256:72dd37233799e619666c9f639a9da83c34013a73e8bbc79a7a6348d93c61fab8"},
    {file = "ipython_genutils-0.2.0.tar.gz", hash = "sha256:eb2e116e75ecef9d4d228fdc66af54269afa26ab4463042e33785b887c628ba8"},
]
jedi = [
    {file = "jedi-0.12.1-py2.py3-none-any.whl", hash = "sha256:c254b135fb39ad76e78d4d8f92765ebc9bf92cbc76f49e97ade1d5f5121e1f6f"},
    {file = "jedi-0.12.1.tar.gz", hash = "sha256:b409ed0f6913a701ed474a614a3bb46e6953639033e31f769ca7581da5bd1ec1"},
]
kiwisolver = [
    {file = "kiwisolver-1.0.1-cp27-cp27m-macosx_10_6_intel.macosx_10_9_intel.macosx_10_9_x86_64.macosx_10_10_intel.macosx_10_10_x86_64.whl", hash = "sha256:8b6a7b596ce1d2a6d93c3562f1178ebd3b7bb445b3b0dd33b09f9255e312a965"},
    {file = "kiwisolver-1.0.1-cp27-cp27m-manylinux1_i686.whl", hash = "sha256:1a078f5dd7e99317098f0e0d490257fd0349d79363e8c923d5bb76428f318421"},
    {file = "kiwisolver-1.0.1-cp27-cp27m-manylinux1_x86_64.whl", hash = "sha256:e0f910f84b35c36a3513b96d816e6442ae138862257ae18a0019d2fc67b041dc"},
    {file = "kiwisolver-1.0.1-cp27-cp27mu-manylinux1_i686.whl", hash = "sha256:aaec1cfd94f4f3e9a25e144d5b0ed1eb8a9596ec36d7318a504d813412563a85"},
    {file = "kiwisolver-1.0.1-cp27-cp27mu-manylinux1_x86_64.whl", hash = "sha256:f923406e6b32c86309261b8195e24e18b6a8801df0cfc7814ac44017bfcb3939"},
    {file = "kiwisolver-1.0.1-cp27-none-win32.whl", hash = "sha256:4329008a167fac233e398e8a600d1b91539dc33c5a3eadee84c0d4b04d4494fa"},
    {file = "kiwisolver-1.0.1-cp27-none-win_amd64.whl", hash = "sha256:3b791ddf2aefc56382aadc26ea5b352e86a2921e4e85c31c1f770f527eb06ce4"},
    {file = "kiwisolver-1.0.1-cp34-cp34m-macosx_10_6_intel.macosx_10_9_intel.macosx_10_9_x86_64.macosx_10_10_intel.macosx_10_10_x86_64.whl", hash = "sha256:379d97783ba8d2934d52221c833407f20ca287b36d949b4bba6c75274bcf6363"},
    {file = "kiwisolver-1.0.1-cp34-cp34m-manylinux1_i686.whl", hash = "sha256:1aa0b55a0eb1bd3fa82e704f44fb8f16e26702af1a073cc5030eea399e617b56"},
    {file = "kiwisolver-1.0.1-cp34-cp34m-manylinux1_x86_64.whl", hash = "sha256:ea36e19ac0a483eea239320aef0bd40702404ff8c7e42179a2d9d36c5afcb55c"},
    {file = "kiwisolver-1.0.1-cp34-none-win32.whl", hash = "sha256:0f7f532f3c94e99545a29f4c3f05637f4d2713e7fd91b4dd8abfc18340b86cd5"},
    {file = "kiwisolver-1.0.1-cp34-none-win_amd64.whl", hash = "sha256:2874060b91e131ceeff00574b7c2140749c9355817a4ed498e82a4ffa308ecbc"},
    {file = "kiwisolver-1.0.1-cp35-cp35m-macosx_10_6_intel.macosx_10_9_intel.macosx_10_9_x86_64.macosx_10_10_intel.macosx_10_10_x86_64.whl", hash = "sha256:95a25d9f3449046ecbe9065be8f8380c03c56081bc5d41fe0fb964aaa30b2195"},
    {file = "kiwisolver-1.0.1-cp35-cp35m-manylinux1_i686.whl", hash = "sha256:79e5fe3ccd5144ae80777e12973027bd2f4f5e3ae8eb286cabe787bed9780138"},
    {file = "kiwisolver-1.0.1-cp35-cp35m-manylinux1_x86_64.whl", hash = "sha256:9576cb63897fbfa69df60f994082c3f4b8e6adb49cccb60efb2a80a208e6f996"},
    {file = "kiwisolver-1.0.1-cp35-none-win32.whl", hash = "sha256:0ee4ed8b3ae8f5f712b0aa9ebd2858b5b232f1b9a96b0943dceb34df2a223bc3"},
    {file = "kiwisolver-1.0.1-cp35-none-win_amd64.whl", hash = "sha256:66f82819ff47fa67a11540da96966fb9245504b7f496034f534b81cacf333861"},
    {file = "kiwisolver-1.0.1-cp36-cp36m-macosx_10_6_intel.macosx_10_9_intel.macosx_10_9_x86_64.macosx_10_10_intel.macosx_10_10_x86_64.whl", hash = "sha256:b1c240d565e977d80c0083404c01e4d59c5772c977fae2c483f100567f50847b"},
    {file = "kiwisolver-1.0.1-cp36-cp36m-manylinux1_i686.whl", hash = "sha256:53a5b27e6b5717bdc0125338a822605084054c80f382051fb945d2c0e6899a20"},
    {file = "kiwisolver-1.0.1-cp36-cp36m-manylinux1_x86_64.whl", hash = "sha256:acb673eecbae089ea3be3dcf75bfe45fc8d4dcdc951e27d8691887963cf421c7"},
    {file = "kiwisolver-1.0.1-cp36-none-win32.whl", hash = "sha256:b15bc8d2c2848a4a7c04f76c9b3dc3561e95d4dabc6b4f24bfabe5fd81a0b14f"},
    {file = "kiwisolver-1.0.1-cp36-none-win_amd64.whl", hash = "sha256:45813e0873bbb679334a161b28cb9606d9665e70561fd6caa8863e279b5e464b"},
    {file = "kiwisolver-1.0.1-cp37-cp37m-macosx_10_6_intel.macosx_10_9_intel.macosx_10_9_x86_64.macosx_10_10_intel.macosx_10_10_x86_64.whl", hash = "sha256:574f24b9805cb1c72d02b9f7749aa0cc0b81aa82571be5201aa1453190390ae5"},
    {file = "kiwisolver-1.0.1-cp37-cp37m-manylinux1_i686.whl", hash = "sha256:efabbcd4f406b532206b8801058c8bab9e79645b9880329253ae3322b7b02cd5"},
    {file = "kiwisolver-1.0.1-cp37-cp37m-manylinux1_x86_64.whl", hash = "sha256:83410258eb886f3456714eea4d4304db3a1fc8624623fc3f38a487ab36c0f653"},
    {file = "kiwisolver-1.0.1-cp37-none-win32.whl", hash = "sha256:a424f048bebc4476620e77f3e4d1f282920cef9bc376ba16d0b8fe97eec87cde"},
    {file = "kiwisolver-1.0.1-cp37-none-win_amd64.whl", hash = "sha256:c595693de998461bcd49b8d20568c8870b3209b8ea323b2a7b0ea86d85864694"},
    {file = "kiwisolver-1.0.1.tar.gz", hash = "sha256:ce3be5d520b4d2c3e5eeb4cd2ef62b9b9ab8ac6b6fedbaa0e39cdb6f50644278"},
]
matplotlib = [
    {file = "matplotlib-2.2.2-cp27-cp27m-macosx_10_6_intel.macosx_10_9_intel.macosx_10_9_x86_64.macosx_10_10_intel.macosx_10_10_x86_64.whl", hash = "sha256:3fd90b407d1ab0dae686a4200030ce305526ff20b85a443dc490d194114b2dfa"},
    {file = "matplotlib-2.2.2-cp27-cp27m-manylinux1_x86_64.whl", hash = "sha256:7b3d03c876684618e2a2be6abeb8d3a033c3a1bb38a786f751199753ef6227e6"},
    {file = "matplotlib-2.2.2-cp27-cp27m-win32.whl", hash = "sha256:07055eb872fa109bd88f599bdb52065704b2e22d475b67675f345d75d32038a0"},
    {file = "matplotlib-2.2.2-cp27-cp27m-win_amd64.whl", hash = "sha256:0f2f253d6d51f5ed52a819921f8a0a8e054ce0daefcfbc2557e1c433f14dc77d"},
    {file = "matplotlib-2.2.2-cp27-cp27mu-manylinux1_x86_64.whl", hash = "sha256:abfd3d9390eb4f2d82cbcaa3a5c2834c581329b64eccb7a071ed9d5df27424f7"},
    {file = "matplotlib-2.2.2-cp34-cp34m-macosx_10_6_intel.macosx_10_9_intel.macosx_10_9_x86_64.macosx_10_10_intel.macosx_10_10_x86_64.whl", hash = "sha256:1ef9fd285334bd6b0495b6de9d56a39dc95081577f27bafabcf28e0d318bed31"},
    {file = "matplotlib-2.2.2-cp34-cp34m-manylinux1_x86_64.whl", hash = "sha256:70f0e407fbe9e97f16597223269c849597047421af5eb8b60dbaca0382037e78"},
    {file = "matplotlib-2.2.2-cp34-cp34m-win32.whl", hash = "sha256:3fb2db66ef98246bafc04b4ef4e9b0e73c6369f38a29716844e939d197df816a"},
    {file = "matplotlib-2.2.2-cp34-cp34m-win_amd64.whl", hash = "sha256:dc0ba2080fd0cfdd07b3458ee4324d35806733feb2b080838d7094731d3f73d9"},
    {file = "matplotlib-2.2.2-cp35-cp35m-macosx_10_6_intel.macosx_10_9_intel.macosx_10_9_x86_64.macosx_10_10_intel.macosx_10_10_x86_64.whl", hash = "sha256:4bb10087e09629ba3f9b25b6c734fd3f99542f93d71c5b9c023f28cb377b43a9"},
    {file = "matplotlib-2.2.2-cp35-cp35m-manylinux1_x86_64.whl", hash = "sha256:bc4d7481f0e8ec94cb1afc4a59905d6274b3b4c389aba7a2539e071766671735"},
    {file = "matplotlib-2.2.2-cp35-cp35m-win32.whl", hash = "sha256:4f6a516d5ef39128bb16af7457e73dde25c30625c4916d8fbd1cc7c14c55e691"},
    {file = "matplotlib-2.2.2-cp35-cp35m-win_amd64.whl", hash = "sha256:8ff08eaa25c66383fe3b6c7eb288da3c22dcedc4b110a0b592b35f68d0e093b2"},
    {file = "matplotlib-2.2.2-cp36-cp36m-macosx_10_6_intel.macosx_10_9_intel.macosx_10_9_x86_64.macosx_10_10_intel.macosx_10_10_x86_64.whl", hash = "sha256:f26fba7fc68994ab2805d77e0695417f9377a00d36ba4248b5d0f1e5adb08d24"},
    {file = "matplotlib-2.2.2-cp36-cp36m-manylinux1_x86_64.whl", hash = "sha256:8944d311ce37bee1ba0e41a9b58dcf330ffe0cf29d7654c3d07c572215da68ac"},
    {file = "matplotlib-2.2.2-cp36-cp36m-win32.whl", hash = "sha256:45dac8589ef1721d7f2ab0f48f986694494dfcc5d13a3e43a5cb6c816276094e"},
    {file = "matplotlib-2.2.2-cp36-cp36m-win_amd64.whl", hash = "sha256:9d12378d6a236aa38326e27f3a29427b63edce4ce325745785aec1a7535b1f85"},
    {file = "matplotlib-2.2.2-cp37-cp37m-macosx_10_6_intel.macosx_10_9_intel.macosx_10_9_x86_64.macosx_10_10_intel.macosx_10_10_x86_64.whl", hash = "sha256:c78883145da9b5620aec523fa14ea814e07f2ba26a16b7f68ff7300604a911b3"},
    {file = "matplotlib-2.2.2-cp37-cp37m-manylinux1_x86_64.whl", hash = "sha256:3eb17a4dc45e1ceefb899423e8152e10169fa281f960421c762fd8532186c323"},
    {file = "matplotlib-2.2.2-cp37-cp37m-win32.whl", hash = "sha256:1770b70622b78f3fd76638526b8c176af8b23a0b129e0190d9407fa403855e0c"},
    {file = "matplotlib-2.2.2-cp37-cp37m-win_amd64.whl", hash = "sha256:f397479742c1ca31805a4bffdfcc5f6189a31116b79aa0b83a50c689f42a23bb"},
    {file = "matplotlib-2.2.2.tar.gz", hash = "sha256:4dc7ef528aad21f22be85e95725234c5178c0f938e2228ca76640e5e84d8cde8"},
]
more-itertools = [
    {file = "more-itertools-8.10.0.tar.gz", hash = "sha256:1debcabeb1df793814859d64a81ad7cb10504c24349368ccf214c664c474f41f"},
    {file = "more_itertools-8.10.0-py3-none-any.whl", hash = "sha256:56ddac45541718ba332db05f464bebfb0768110111affd27f66e0051f276fa43"},
]
numpy = [
    {file = "numpy-1.14.5-cp27-cp27m-macosx_10_6_intel.macosx_10_9_intel.macosx_10_9_x86_64.macosx_10_10_intel.macosx_10_10_x86_64.whl", hash = "sha256:e1864a4e9f93ddb2dc6b62ccc2ec1f8250ff4ac0d3d7a15c8985dd4e1fbd6418"},
    {file = "numpy-1.14.5-cp27-cp27m-manylinux1_i686.whl", hash = "sha256:085afac75bbc97a096744fcfc97a4b321c5a87220286811e85089ae04885acdd"},
    {file = "numpy-1.14.5-cp27-cp27m-manylinux1_x86_64.whl", hash = "sha256:6c57f973218b776195d0356e556ec932698f3a563e2f640cfca7020086383f50"},
    {file = "numpy-1.14.5-cp27-cp27mu-manylinux1_i686.whl", hash = "sha256:589336ba5199c8061239cf446ee2f2f1fcc0c68e8531ee1382b6fc0c66b2d388"},
    {file = "numpy-1.14.5-cp27-cp27mu-manylinux1_x86_64.whl", hash = "sha256:5edf1acc827ed139086af95ce4449b7b664f57a8c29eb755411a634be280d9f2"},
    {file = "numpy-1.14.5-cp27-none-win32.whl", hash = "sha256:6b82b81c6b3b70ed40bc6d0b71222ebfcd6b6c04a6e7945a936e514b9113d5a3"},
    {file = "numpy-1.14.5-cp27-none-win_amd64.whl", hash = "sha256:385f1ce46e08676505b692bfde918c1e0b350963a15ef52d77691c2cf0f5dbf6"},
    {file = "numpy-1.14.5-cp34-cp34m-macosx_10_6_intel.macosx_10_9_intel.macosx_10_9_x86_64.macosx_10_10_intel.macosx_10_10_x86_64.whl", hash = "sha256:758d1091a501fd2d75034e55e7e98bfd1370dc089160845c242db1c760d944d9"},
    {file = "numpy-1.14.5-cp34-cp34m-manylinux1_i686.whl", hash = "sha256:c725d11990a9243e6ceffe0ab25a07c46c1cc2c5dc55e305717b5afe856c9608"},
    {file = "numpy-1.14.5-cp34-cp34m-manylinux1_x86_64.whl", hash = "sha256:07379fe0b450f6fd6e5934a9bc015025bb4ce1c8fbed3ca8bef29328b1bc9570"},
    {file = "numpy-1.14.5-cp34-none-win32.whl", hash = "sha256:9e1f53afae865cc32459ad211493cf9e2a3651a7295b7a38654ef3d123808996"},
    {file = "numpy-1.14.5-cp34-none-win_amd64.whl", hash = "sha256:4d278c2261be6423c5e63d8f0ceb1b0c6db3ff83f2906f4b860db6ae99ca1bb5"},
    {file = "numpy-1.14.5-cp35-cp35m-macosx_10_6_intel.macosx_10_9_intel.macosx_10_9_x86_64.macosx_10_10_intel.macosx_10_10_x86_64.whl", hash = "sha256:d696a8c87315a83983fc59dd27efe034292b9e8ad667aeae51a68b4be14690d9"},
    {file = "numpy-1.14.5-cp35-cp35m-manylinux1_i686.whl", hash = "sha256:2df854df882d322d5c23087a4959e145b953dfff2abe1774fec4f639ac2f3160"},
    {file = "numpy-1.14.5-cp35-cp35m-manylinux1_x86_64.whl", hash = "sha256:baadc5f770917ada556afb7651a68176559f4dca5f4b2d0947cd15b9fb84fb51"},
    {file = "numpy-1.14.5-cp35-none-win32.whl", hash = "sha256:2d6481c6bdab1c75affc0fc71eb1bd4b3ecef620d06f2f60c3f00521d54be04f"},
    {file = "numpy-1.14.5-cp35-none-win_amd64.whl", hash = "sha256:51c5dcb51cf88b34b7d04c15f600b07c6ccbb73a089a38af2ab83c02862318da"},
    {file = "numpy-1.14.5-cp36-cp36m-macosx_10_6_intel.macosx_10_9_intel.macosx_10_9_x86_64.macosx_10_10_intel.macosx_10_10_x86_64.whl", hash = "sha256:8b8dcfcd630f1981f0f1e3846fae883376762a0c1b472baa35b145b911683b7b"},
    {file = "numpy-1.14.5-cp36-cp36m-manylinux1_i686.whl", hash = "sha256:9d69967673ab7b028c2df09cae05ba56bf4e39e3cb04ebe452b6035c3b49848e"},
    {file = "numpy-1.14.5-cp36-cp36m-manylinux1_x86_64.whl", hash = "sha256:8622db292b766719810e0cb0f62ef6141e15fe32b04e4eb2959888319e59336b"},
    {file = "numpy-1.14.5-cp36-none-win32.whl", hash = "sha256:97fa8f1dceffab782069b291e38c4c2227f255cdac5f1e3346666931df87373e"},
    {file = "numpy-1.14.5-cp36-none-win_amd64.whl", hash = "sha256:381ad13c30cd1d0b2f3da8a0c1a4aa697487e8bb0e9e0cbeb7439776bcb645f8"},
    {file = "numpy-1.14.5-cp37-cp37m-macosx_10_6_intel.macosx_10_9_intel.macosx_10_9_x86_64.macosx_10_10_intel.macosx_10_10_x86_64.whl", hash = "sha256:91fdd510743ae4df862dbd51a4354519dd9fb8941347526cd9c2194b792b3da9"},
    {file = "numpy-1.14.5-cp37-cp37m-manylinux1_i686.whl", hash = "sha256:e1d18421a7e2ad4a655b76e65d549d4159f8874c18a417464c1d439ee7ccc7cd"},
    {file = "numpy-1.14.5-cp37-cp37m-manylinux1_x86_64.whl", hash = "sha256:5ae3564cb630e155a650f4f9c054589848e97836bebae5637240a0d8099f817b"},
    {file = "numpy-1.14.5-cp37-none-win32.whl", hash = "sha256:4130e5ae16c656b7de654dc5e595cfeb85d3a4b0bb0734d19c0dce6dc7ee0e07"},
    {file = "numpy-1.14.5-cp37-none-win_amd64.whl", hash = "sha256:9b705f18b26fb551366ab6347ba9941b62272bf71c6bbcadcd8af94d10535241"},
    {file = "numpy-1.14.5.zip", hash = "sha256:a4a433b3a264dbc9aa9c7c241e87c0358a503ea6394f8737df1683c7c9a102ac"},
]
parso = [
    {file = "parso-0.3.1-py2.py3-none-any.whl", hash = "sha256:895c63e93b94ac1e1690f5fdd40b65f07c8171e3e53cbd7793b5b96c0e0a7f24"},
    {file = "parso-0.3.1.tar.gz", hash = "sha256:35704a43a3c113cce4de228ddb39aab374b8004f4f2407d070b6a2ca784ce8a2"},
]
pexpect = [
    {file = "pexpect-4.6.0-py2.py3-none-any.whl", hash = "sha256:3fbd41d4caf27fa4a377bfd16fef87271099463e6fa73e92a52f92dfee5d425b"},
    {file = "pexpect-4.6.0.tar.gz", hash = "sha256:2a8e88259839571d1251d278476f3eec5db26deb73a70be5ed5dc5435e418aba"},
]
pickleshare = [
    {file = "pickleshare-0.7.4-py2.py3-none-any.whl", hash = "sha256:c9a2541f25aeabc070f12f452e1f2a8eae2abd51e1cd19e8430402bdf4c1d8b5"},
    {file = "pickleshare-0.7.4.tar.gz", hash = "sha256:84a9257227dfdd6fe1b4be1319096c20eb85ff1e82c7932f36efccfe1b09737b"},
]
pluggy = [
    {file = "pluggy-1.0.0-py2.py3-none-any.whl", hash = "sha256:74134bbf457f031a36d68416e1509f34bd5ccc019f0bcc952c7b909d06b37bd3"},
    {file = "pluggy-1.0.0.tar.gz", hash = "sha256:4224373bacce55f955a878bf9cfa763c1e360858e330072059e10bad68531159"},
]
prompt-toolkit = [
    {file = "prompt_toolkit-1.0.15-py2-none-any.whl", hash = "sha256:3f473ae040ddaa52b52f97f6b4a493cfa9f5920c255a12dc56a7d34397a398a4"},
    {file = "prompt_toolkit-1.0.15-py3-none-any.whl", hash = "sha256:1df952620eccb399c53ebb359cc7d9a8d3a9538cb34c5a1344bdbeb29fbcc381"},
    {file = "prompt_toolkit-1.0.15.tar.gz", hash = "sha256:858588f1983ca497f1cf4ffde01d978a3ea02b01c8a26a8bbc5cd2e66d816917"},
]
ptyprocess = [
    {file = "ptyprocess-0.6.0-py2.py3-none-any.whl", hash = "sha256:d7cc528d76e76342423ca640335bd3633420dc1366f258cb31d05e865ef5ca1f"},
    {file = "ptyprocess-0.6.0.tar.gz", hash = "sha256:923f299cc5ad920c68f2bc0bc98b75b9f838b93b599941a6b63ddbc2476394c0"},
]
py = [
    {file = "py-1.10.0-py2.py3-none-any.whl", hash = "sha256:3b80836aa6d1feeaa108e046da6423ab8f6ceda6468545ae8d02d9d58d18818a"},
    {file = "py-1.10.0.tar.gz", hash = "sha256:21b81bda15b66ef5e1a777a21c4dcd9c20ad3efd0b3f817e7a809035269e1bd3"},
]
pyglet = [
    {file = "pyglet-1.2.4-py2-none-any.whl", hash = "sha256:920e44ad5c42a70697f6ff7ca1285e510b2265034fe49492faf6911d5e24b167"},
    {file = "pyglet-1.2.4-py3-none-any.whl", hash = "sha256:f82878bcdec67b77805c27c2325860a8c143edac3e11c82161fdf3426c1fafe3"},
    {file = "pyglet-1.2.4.tar.gz", hash = "sha256:9f62ffbbcf2b202d084bf158685e77d28b8f4f5f2738f4c5e63a947a07503445"},
    {file = "pyglet-1.2.4.zip", hash = "sha256:269834aaf911b4f8825657d12ae1a8bff27d9dccb3e54a8a144efcec7879a6e4"},
]
pygments = [
    {file = "Pygments-2.10.0-py3-none-any.whl", hash = "sha256:b8e67fe6af78f492b3c4b3e2970c0624cbf08beb1e493b2c99b9fa1b67a20380"},
    {file = "Pygments-2.10.0.tar.gz", hash = "sha256:f398865f7eb6874156579fdf36bc840a03cab64d1cde9e93d68f46a425ec52c6"},
]
pyparsing = [
    {file = "pyparsing-2.2.0-py2.py3-none-any.whl", hash = "sha256:fee43f17a9c4087e7ed1605bd6df994c6173c1e977d7ade7b651292fab2bd010"},
    {file = "pyparsing-2.2.0.tar.gz", hash = "sha256:0832bcf47acd283788593e7a0f542407bd9550a55a8a8435214a1960e04bcb04"},
    {file = "pyparsing-2.2.0.win32-py2.6.exe", hash = "sha256:9e8143a3e15c13713506886badd96ca4b579a87fbdf49e550dbfc057d6cb218e"},
    {file = "pyparsing-2.2.0.win32-py2.7.exe", hash = "sha256:281683241b25fe9b80ec9d66017485f6deff1af5cde372469134b56ca8447a07"},
    {file = "pyparsing-2.2.0.win32-py3.3.exe", hash = "sha256:b8b3117ed9bdf45e14dcc89345ce638ec7e0e29b2b579fa1ecf32ce45ebac8a5"},
    {file = "pyparsing-2.2.0.win32-py3.4.exe", hash = "sha256:8f1e18d3fd36c6795bb7e02a39fd05c611ffc2596c1e0d995d34d67630426c18"},
    {file = "pyparsing-2.2.0.win32-py3.5.exe", hash = "sha256:e4d45427c6e20a59bf4f88c639dcc03ce30d193112047f94012102f235853a58"},
]
pytest = [
    {file = "pytest-3.10.1-py2.py3-none-any.whl", hash = "sha256:3f193df1cfe1d1609d4c583838bea3d532b18d6160fd3f55c9447fdca30848ec"},
    {file = "pytest-3.10.1.tar.gz", hash = "sha256:e246cf173c01169b9617fc07264b7b1316e78d7a650055235d6d897bc80d9660"},
]
python-dateutil = [
    {file = "python-dateutil-2.7.3.tar.gz", hash = "sha256:e27001de32f627c22380a688bcc43ce83504a7bc5da472209b4c70f02829f0b8"},
    {file = "python_dateutil-2.7.3-py2.py3-none-any.whl", hash = "sha256:1adb80e7a782c12e52ef9a8182bebeb73f1d7e24e374397af06fb4956c8dc5c0"},
]
pytz = [
    {file = "pytz-2018.5-py2.py3-none-any.whl", hash = "sha256:a061aa0a9e06881eb8b3b2b43f05b9439d6583c206d0a6c340ff72a7b6669053"},
    {file = "pytz-2018.5.tar.gz", hash = "sha256:ffb9ef1de172603304d9d2819af6f5ece76f2e85ec10692a524dd876e72bf277"},
]
requests = [
    {file = "requests-2.26.0-py2.py3-none-any.whl", hash = "sha256:6c1246513ecd5ecd4528a0906f910e8f0f9c6b8ec72030dc9fd154dc1a6efd24"},
    {file = "requests-2.26.0.tar.gz", hash = "sha256:b8aa58f8cf793ffd8782d3d8cb19e66ef36f7aba4353eec859e74678b01b07a7"},
]
simplegeneric = [
    {file = "simplegeneric-0.8.1.zip", hash = "sha256:dc972e06094b9af5b855b3df4a646395e43d1c9d0d39ed345b7393560d0b9173"},
]
six = [
    {file = "six-1.11.0-py2.py3-none-any.whl", hash = "sha256:832dc0e10feb1aa2c68dcc57dbb658f1c7e65b9b61af69048abc87a2db00a0eb"},
    {file = "six-1.11.0.tar.gz", hash = "sha256:70e8a77beed4562e7f14fe23a786b54f6296e34344c23bc42f07b15018ff98e9"},
]
torch = [
    {file = "torch-1.9.1-cp36-cp36m-manylinux1_x86_64.whl", hash = "sha256:06435080ba0a2c8f88b65af0550b973c5aa7771eacd9b17f69057fc7436a8ae2"},
    {file = "torch-1.9.1-cp36-cp36m-win_amd64.whl", hash = "sha256:b92f934b3c95578b3fd37cc06afca208d63f02b0d01b806e979cb4e46124a7f8"},
    {file = "torch-1.9.1-cp36-none-macosx_10_9_x86_64.whl", hash = "sha256:54dacb6a3f63c54334fadbf22fb6e9ee865085a4e0368962edff5babda057606"},
    {file = "torch-1.9.1-cp37-cp37m-manylinux1_x86_64.whl", hash = "sha256:dd3ca91dc1a9fe3fbcddf035cb2fb8be44d57a527b845cd196ba69249adecccf"},
    {file = "torch-1.9.1-cp37-cp37m-win_amd64.whl", hash = "sha256:42ca081a2e0e759844e70cad7efd8fcfb2f81634dffa73a226564eb83d989e5b"},
    {file = "torch-1.9.1-cp37-none-macosx_10_9_x86_64.whl", hash = "sha256:335961a5c893f7b33b29aecbc19382a1a1b0106b3457a1c45148e1e14f8f5e09"},
    {file = "torch-1.9.1-cp38-cp38-manylinux1_x86_64.whl", hash = "sha256:1fb49ca0ca8edefbb3f47f6801482144c3a746ec21a65eb3f0839a1d8fb24705"},
    {file = "torch-1.9.1-cp38-cp38-win_amd64.whl", hash = "sha256:936d303c5e1d60259fb71d95a33e84d84fececa25a0fae112f6a23286ff183c8"},
    {file = "torch-1.9.1-cp38-none-macosx_10_9_x86_64.whl", hash = "sha256:351dda9f483486bec66ed838234e96f077e6886c88110bb1e2f4a708ed2356ce"},
    {file = "torch-1.9.1-cp39-cp39-manylinux1_x86_64.whl", hash = "sha256:35ec703bc535bde7e8790ab9500f02d4413d995ac981520501fde95e268781e1"},
    {file = "torch-1.9.1-cp39-cp39-win_amd64.whl", hash = "sha256:e470697006a4c08e4fb6a645e8ca49b0d36c8e7ccf413deef5161335bd7399f1"},
    {file = "torch-1.9.1-cp39-none-macosx_10_9_x86_64.whl", hash = "sha256:a198332e2d344d25e423ae2df98d56d83060f19e9f4cf23164dffc8d403efeb8"},
]
traitlets = [
    {file = "traitlets-4.3.2-py2.py3-none-any.whl", hash = "sha256:c6cb5e6f57c5a9bdaa40fa71ce7b4af30298fbab9ece9815b5d995ab6217c7d9"},
    {file = "traitlets-4.3.2.tar.gz", hash = "sha256:9c4bd2d267b7153df9152698efb1050a5d84982d3384a37b2c1f7723ba3e7835"},
]
typing-extensions = [
    {file = "typing_extensions-3.10.0.2-py2-none-any.whl", hash = "sha256:d8226d10bc02a29bcc81df19a26e56a9647f8b0a6d4a83924139f4a8b01f17b7"},
    {file = "typing_extensions-3.10.0.2-py3-none-any.whl", hash = "sha256:f1d25edafde516b146ecd0613dabcc61409817af4766fbbcfb8d1ad4ec441a34"},
    {file = "typing_extensions-3.10.0.2.tar.gz", hash = "sha256:49f75d16ff11f1cd258e1b988ccff82a3ca5570217d7ad8c5f48205dd99a677e"},
]
urllib3 = [
    {file = "urllib3-1.26.7-py2.py3-none-any.whl", hash = "sha256:c4fdf4019605b6e5423637e01bc9fe4daef873709a7973e195ceba0a62bbc844"},
    {file = "urllib3-1.26.7.tar.gz", hash = "sha256:4987c65554f7a2dbf30c18fd48778ef124af6fab771a377103da0585e2336ece"},
]
wcwidth = [
    {file = "wcwidth-0.1.7-py2.py3-none-any.whl", hash = "sha256:f4ebe71925af7b40a864553f761ed559b43544f8f71746c2d756c7fe788ade7c"},
    {file = "wcwidth-0.1.7.tar.gz", hash = "sha256:3df37372226d6e63e1b1e1eda15c594bca98a22d33a23832a90998faa96bc65e"},
]
zipp = [
    {file = "zipp-3.5.0-py3-none-any.whl", hash = "sha256:957cfda87797e389580cb8b9e3870841ca991e2125350677b2ca83a0e99390a3"},
    {file = "zipp-3.5.0.tar.gz", hash = "sha256:f5812b1e007e48cff63449a5e9f4e7ebea716b4111f9c4f9a645f91d579bf0c4"},
]
